
Microsoft Visual Studio Solution File, Format Version 12.00
# Visual Studio Version 16
VisualStudioVersion = 16.0.30523.141
MinimumVisualStudioVersion = 10.0.40219.1
Project("{9A19103F-16F7-4668-BE54-9A1E7A4F7556}") = "ProduitApi", "ProduitApi\ProduitApi.csproj", "{143A6125-BE0B-4BF4-9823-1A1A50D0AA85}"
EndProject
Project("{9A19103F-16F7-4668-BE54-9A1E7A4F7556}") = "MessageConsommer", "..\MessageConsommer\MessageConsommer\MessageConsommer.csproj", "{7BBC9B65-956A-43F5-89E6-8C27D375B6ED}"
EndProject
Project("{9A19103F-16F7-4668-BE54-9A1E7A4F7556}") = "RabbitMQManager", "..\RabbitMQManger\RabbitMQManger\RabbitMQManager.csproj", "{A73F4B4B-E550-4AAD-B7C3-6362D3EDEA99}"
EndProject
Global
	GlobalSection(SolutionConfigurationPlatforms) = preSolution
		Debug|Any CPU = Debug|Any CPU
		Release|Any CPU = Release|Any CPU
	EndGlobalSection
	GlobalSection(ProjectConfigurationPlatforms) = postSolution
		{143A6125-BE0B-4BF4-9823-1A1A50D0AA85}.Debug|Any CPU.ActiveCfg = Debug|Any CPU
		{143A6125-BE0B-4BF4-9823-1A1A50D0AA85}.Debug|Any CPU.Build.0 = Debug|Any CPU
		{143A6125-BE0B-4BF4-9823-1A1A50D0AA85}.Release|Any CPU.ActiveCfg = Release|Any CPU
		{143A6125-BE0B-4BF4-9823-1A1A50D0AA85}.Release|Any CPU.Build.0 = Release|Any CPU
		{7BBC9B65-956A-43F5-89E6-8C27D375B6ED}.Debug|Any CPU.ActiveCfg = Debug|Any CPU
		{7BBC9B65-956A-43F5-89E6-8C27D375B6ED}.Debug|Any CPU.Build.0 = Debug|Any CPU
		{7BBC9B65-956A-43F5-89E6-8C27D375B6ED}.Release|Any CPU.ActiveCfg = Release|Any CPU
		{7BBC9B65-956A-43F5-89E6-8C27D375B6ED}.Release|Any CPU.Build.0 = Release|Any CPU
		{A73F4B4B-E550-4AAD-B7C3-6362D3EDEA99}.Debug|Any CPU.ActiveCfg = Debug|Any CPU
		{A73F4B4B-E550-4AAD-B7C3-6362D3EDEA99}.Debug|Any CPU.Build.0 = Debug|Any CPU
		{A73F4B4B-E550-4AAD-B7C3-6362D3EDEA99}.Release|Any CPU.ActiveCfg = Release|Any CPU
		{A73F4B4B-E550-4AAD-B7C3-6362D3EDEA99}.Release|Any CPU.Build.0 = Release|Any CPU
	EndGlobalSection
	GlobalSection(SolutionProperties) = preSolution
		HideSolutionNode = FALSE
	EndGlobalSection
	GlobalSection(ExtensibilityGlobals) = postSolution
		SolutionGuid = {5718D054-9078-457E-8738-B8221660B09D}
	EndGlobalSection
EndGlobal
