
Microsoft Visual Studio Solution File, Format Version 12.00
# Visual Studio Version 16
VisualStudioVersion = 16.0.30611.23
MinimumVisualStudioVersion = 10.0.40219.1
Project("{FAE04EC0-301F-11D3-BF4B-00C04F79EFBC}") = "RabbitMQManager", "RabbitMQManger\RabbitMQManager.csproj", "{1052227B-F870-49A7-B6F5-E384837F673B}"
EndProject
Global
	GlobalSection(SolutionConfigurationPlatforms) = preSolution
		Debug|Any CPU = Debug|Any CPU
		Release|Any CPU = Release|Any CPU
	EndGlobalSection
	GlobalSection(ProjectConfigurationPlatforms) = postSolution
		{1052227B-F870-49A7-B6F5-E384837F673B}.Debug|Any CPU.ActiveCfg = Debug|Any CPU
		{1052227B-F870-49A7-B6F5-E384837F673B}.Debug|Any CPU.Build.0 = Debug|Any CPU
		{1052227B-F870-49A7-B6F5-E384837F673B}.Release|Any CPU.ActiveCfg = Release|Any CPU
		{1052227B-F870-49A7-B6F5-E384837F673B}.Release|Any CPU.Build.0 = Release|Any CPU
	EndGlobalSection
	GlobalSection(SolutionProperties) = preSolution
		HideSolutionNode = FALSE
	EndGlobalSection
	GlobalSection(ExtensibilityGlobals) = postSolution
		SolutionGuid = {790B6A62-9B87-443C-8E43-0C8C8085474F}
	EndGlobalSection
EndGlobal
