
Microsoft Visual Studio Solution File, Format Version 12.00
# Visual Studio Version 16
VisualStudioVersion = 16.0.30523.141
MinimumVisualStudioVersion = 10.0.40219.1
Project("{FAE04EC0-301F-11D3-BF4B-00C04F79EFBC}") = "VenteApi", "VenteApi\VenteApi.csproj", "{07F31DF4-ACF9-4F5B-8163-4AB582BABE36}"
EndProject
Global
	GlobalSection(SolutionConfigurationPlatforms) = preSolution
		Debug|Any CPU = Debug|Any CPU
		Release|Any CPU = Release|Any CPU
	EndGlobalSection
	GlobalSection(ProjectConfigurationPlatforms) = postSolution
		{07F31DF4-ACF9-4F5B-8163-4AB582BABE36}.Debug|Any CPU.ActiveCfg = Debug|Any CPU
		{07F31DF4-ACF9-4F5B-8163-4AB582BABE36}.Debug|Any CPU.Build.0 = Debug|Any CPU
		{07F31DF4-ACF9-4F5B-8163-4AB582BABE36}.Release|Any CPU.ActiveCfg = Release|Any CPU
		{07F31DF4-ACF9-4F5B-8163-4AB582BABE36}.Release|Any CPU.Build.0 = Release|Any CPU
	EndGlobalSection
	GlobalSection(SolutionProperties) = preSolution
		HideSolutionNode = FALSE
	EndGlobalSection
	GlobalSection(ExtensibilityGlobals) = postSolution
		SolutionGuid = {C78544C2-17C6-4BF7-86B3-DBC25939C67E}
	EndGlobalSection
EndGlobal
